{
  "lib/CMTAT": {
    "tag": {
      "name": "v3.3.0-rc2",
      "rev": "35d8940b40943828c5ea407dc6b22d559d92e4ae"
    }
  },
  "lib/RuleEngine": {
    "tag": {
      "name": "v3.0.0-rc4",
      "rev": "66fcf2aafebd1f9d9de8a81dec92b88da071c9b3"
    }
  },
  "lib/forge-std": {
    "tag": {
      "name": "v1.7.1",
      "rev": "f73c73d2018eb6a111f35e4dae7b4f27401e9421"
    }
  },
  "lib/openzeppelin-contracts": {
    "tag": {
      "name": "v5.6.1",
      "rev": "5fd1781b1454fd1ef8e722282f86f9293cacf256"
    }
  },
  "lib/openzeppelin-contracts-upgradeable": {
    "tag": {
      "name": "v5.6.1",
      "rev": "7bf4727aacdbfaa0f36cbd664654d0c9e1dc52bf"
    }
  }
}
